
Microsoft Visual Studio Solution File, Format Version 12.00
# Visual Studio 2013
VisualStudioVersion = 12.0.30723.0
MinimumVisualStudioVersion = 10.0.40219.1
Project("{FAE04EC0-301F-11D3-BF4B-00C04F79EFBC}") = "ProductsApp", "ProductsApp\ProductsApp.csproj", "{FD4D4742-EBFD-4319-9040-ECECE4409DEA}"
EndProject
Project("{FAE04EC0-301F-11D3-BF4B-00C04F79EFBC}") = "ProductsApp.Tests", "ProductsApp.Tests\ProductsApp.Tests.csproj", "{BFDF2EFA-6FE7-481A-8392-D4352B8C3E65}"
EndProject
Project("{2150E333-8FDC-42A3-9474-1A3956D46DE8}") = "PublishScripts", "PublishScripts", "{D1595C27-4A52-4A3E-9D11-D4AB2FB1FA03}"
	ProjectSection(SolutionItems) = preProject
		PublishScripts\AzureWebsitePublishModule.psm1 = PublishScripts\AzureWebsitePublishModule.psm1
		PublishScripts\Publish-WebApplicationWebsite.ps1 = PublishScripts\Publish-WebApplicationWebsite.ps1
	EndProjectSection
EndProject
Project("{2150E333-8FDC-42A3-9474-1A3956D46DE8}") = "Configurations", "Configurations", "{12A20B67-5F62-4008-8ABD-3279C921DFC6}"
	ProjectSection(SolutionItems) = preProject
		PublishScripts\Configurations\ProductsApp-WAWS-dev.json = PublishScripts\Configurations\ProductsApp-WAWS-dev.json
	EndProjectSection
EndProject
Global
	GlobalSection(SolutionConfigurationPlatforms) = preSolution
		Debug|Any CPU = Debug|Any CPU
		Release|Any CPU = Release|Any CPU
	EndGlobalSection
	GlobalSection(ProjectConfigurationPlatforms) = postSolution
		{FD4D4742-EBFD-4319-9040-ECECE4409DEA}.Debug|Any CPU.ActiveCfg = Debug|Any CPU
		{FD4D4742-EBFD-4319-9040-ECECE4409DEA}.Debug|Any CPU.Build.0 = Debug|Any CPU
		{FD4D4742-EBFD-4319-9040-ECECE4409DEA}.Release|Any CPU.ActiveCfg = Release|Any CPU
		{FD4D4742-EBFD-4319-9040-ECECE4409DEA}.Release|Any CPU.Build.0 = Release|Any CPU
		{BFDF2EFA-6FE7-481A-8392-D4352B8C3E65}.Debug|Any CPU.ActiveCfg = Debug|Any CPU
		{BFDF2EFA-6FE7-481A-8392-D4352B8C3E65}.Debug|Any CPU.Build.0 = Debug|Any CPU
		{BFDF2EFA-6FE7-481A-8392-D4352B8C3E65}.Release|Any CPU.ActiveCfg = Release|Any CPU
		{BFDF2EFA-6FE7-481A-8392-D4352B8C3E65}.Release|Any CPU.Build.0 = Release|Any CPU
	EndGlobalSection
	GlobalSection(SolutionProperties) = preSolution
		HideSolutionNode = FALSE
	EndGlobalSection
	GlobalSection(NestedProjects) = preSolution
		{12A20B67-5F62-4008-8ABD-3279C921DFC6} = {D1595C27-4A52-4A3E-9D11-D4AB2FB1FA03}
	EndGlobalSection
EndGlobal
